
Microsoft Visual Studio Solution File, Format Version 12.00
# Visual Studio Version 17
VisualStudioVersion = 17.5.33516.290
MinimumVisualStudioVersion = 10.0.40219.1
Project("{FAE04EC0-301F-11D3-BF4B-00C04F79EFBC}") = "RegistrationSys_Interface", "RegistrationSys_Interface\RegistrationSys_Interface.csproj", "{A2A2423D-8876-4891-8939-14BB0E8A4307}"
EndProject
Global
	GlobalSection(SolutionConfigurationPlatforms) = preSolution
		Debug|Any CPU = Debug|Any CPU
		Release|Any CPU = Release|Any CPU
	EndGlobalSection
	GlobalSection(ProjectConfigurationPlatforms) = postSolution
		{A2A2423D-8876-4891-8939-14BB0E8A4307}.Debug|Any CPU.ActiveCfg = Debug|Any CPU
		{A2A2423D-8876-4891-8939-14BB0E8A4307}.Debug|Any CPU.Build.0 = Debug|Any CPU
		{A2A2423D-8876-4891-8939-14BB0E8A4307}.Release|Any CPU.ActiveCfg = Release|Any CPU
		{A2A2423D-8876-4891-8939-14BB0E8A4307}.Release|Any CPU.Build.0 = Release|Any CPU
	EndGlobalSection
	GlobalSection(SolutionProperties) = preSolution
		HideSolutionNode = FALSE
	EndGlobalSection
	GlobalSection(ExtensibilityGlobals) = postSolution
		SolutionGuid = {C9812A62-8495-4D2C-ACBA-79EF0D59C3A5}
	EndGlobalSection
EndGlobal
